
Microsoft Visual Studio Solution File, Format Version 12.00
# Visual Studio Version 17
VisualStudioVersion = 17.0.31903.59
MinimumVisualStudioVersion = 10.0.40219.1
Project("{FAE04EC0-301F-11D3-BF4B-00C04F79EFBC}") = "Domain", "Domain\Domain.csproj", "{E9533205-23DA-49A9-A847-A7253743FF71}"
EndProject
Project("{FAE04EC0-301F-11D3-BF4B-00C04F79EFBC}") = "Web", "Web\Web.csproj", "{2ECDDDA4-48B8-4611-B931-6F9527411988}"
EndProject
Project("{FAE04EC0-301F-11D3-BF4B-00C04F79EFBC}") = "Infrastructure", "Infrastructure\Infrastructure.csproj", "{86868DF2-0C56-4611-8AFA-F90DB3638DC5}"
EndProject
Global
	GlobalSection(SolutionConfigurationPlatforms) = preSolution
		Debug|Any CPU = Debug|Any CPU
		Release|Any CPU = Release|Any CPU
	EndGlobalSection
	GlobalSection(SolutionProperties) = preSolution
		HideSolutionNode = FALSE
	EndGlobalSection
	GlobalSection(ProjectConfigurationPlatforms) = postSolution
		{E9533205-23DA-49A9-A847-A7253743FF71}.Debug|Any CPU.ActiveCfg = Debug|Any CPU
		{E9533205-23DA-49A9-A847-A7253743FF71}.Debug|Any CPU.Build.0 = Debug|Any CPU
		{E9533205-23DA-49A9-A847-A7253743FF71}.Release|Any CPU.ActiveCfg = Release|Any CPU
		{E9533205-23DA-49A9-A847-A7253743FF71}.Release|Any CPU.Build.0 = Release|Any CPU
		{2ECDDDA4-48B8-4611-B931-6F9527411988}.Debug|Any CPU.ActiveCfg = Debug|Any CPU
		{2ECDDDA4-48B8-4611-B931-6F9527411988}.Debug|Any CPU.Build.0 = Debug|Any CPU
		{2ECDDDA4-48B8-4611-B931-6F9527411988}.Release|Any CPU.ActiveCfg = Release|Any CPU
		{2ECDDDA4-48B8-4611-B931-6F9527411988}.Release|Any CPU.Build.0 = Release|Any CPU
		{86868DF2-0C56-4611-8AFA-F90DB3638DC5}.Debug|Any CPU.ActiveCfg = Debug|Any CPU
		{86868DF2-0C56-4611-8AFA-F90DB3638DC5}.Debug|Any CPU.Build.0 = Debug|Any CPU
		{86868DF2-0C56-4611-8AFA-F90DB3638DC5}.Release|Any CPU.ActiveCfg = Release|Any CPU
		{86868DF2-0C56-4611-8AFA-F90DB3638DC5}.Release|Any CPU.Build.0 = Release|Any CPU
	EndGlobalSection
EndGlobal
